{
  "lockfile_version": "1",
  "packages": {
    "bun@1.2.5": {
      "last_modified": "2025-03-13T11:38:39Z",
      "resolved": "github:NixOS/nixpkgs/573c650e8a14b2faa0041645ab18aed7e60f0c9a#bun",
      "source": "devbox-search",
      "version": "1.2.5",
      "systems": {
        "aarch64-darwin": {
          "outputs": [
            {
              "name": "out",
              "path": "/nix/store/rzf81xw57rp8vqjwchbcsqb2fy4j51bm-bun-1.2.5",
              "default": true
            }
          ],
          "store_path": "/nix/store/rzf81xw57rp8vqjwchbcsqb2fy4j51bm-bun-1.2.5"
        },
        "aarch64-linux": {
          "outputs": [
            {
              "name": "out",
              "path": "/nix/store/2rqxjvjk0dmr1wjw4sqy3grx3y6brk2c-bun-1.2.5",
              "default": true
            }
          ],
          "store_path": "/nix/store/2rqxjvjk0dmr1wjw4sqy3grx3y6brk2c-bun-1.2.5"
        },
        "x86_64-darwin": {
          "outputs": [
            {
              "name": "out",
              "path": "/nix/store/2i7nh0dm5cp3gwq6f8fpws4m2b3hz8lx-bun-1.2.5",
              "default": true
            }
          ],
          "store_path": "/nix/store/2i7nh0dm5cp3gwq6f8fpws4m2b3hz8lx-bun-1.2.5"
        },
        "x86_64-linux": {
          "outputs": [
            {
              "name": "out",
              "path": "/nix/store/g8k9g77pf9a1pqbjhfnsh6qam4j5a3cg-bun-1.2.5",
              "default": true
            }
          ],
          "store_path": "/nix/store/g8k9g77pf9a1pqbjhfnsh6qam4j5a3cg-bun-1.2.5"
        }
      }
    },
    "ffmpeg@8.1.2": {
      "last_modified": "2026-07-17T09:58:13Z",
      "resolved": "github:NixOS/nixpkgs/a47c123a609287a012dfc44d281de2dd4ed13394#ffmpeg",
      "source": "devbox-search",
      "version": "8.1.2",
      "systems": {
        "aarch64-darwin": {
          "outputs": [
            {
              "name": "bin",
              "path": "/nix/store/mdid5kcing8dwsgwym235xrr9wvm61wa-ffmpeg-8.1.2-bin",
              "default": true
            },
            {
              "name": "man",
              "path": "/nix/store/b3qdlvigwq37w9rm2mjn9mql38klinw1-ffmpeg-8.1.2-man",
              "default": true
            },
            {
              "name": "data",
              "path": "/nix/store/shh56gqj796svl0lh0wjbi15z7bxk2v4-ffmpeg-8.1.2-data"
            },
            {
              "name": "dev",
              "path": "/nix/store/16wpqjbh36scam4wsi13py60r2h3ayn7-ffmpeg-8.1.2-dev"
            },
            {
              "name": "doc",
              "path": "/nix/store/j3ziwffqj3q069q1hbnfcn3i0bal92ql-ffmpeg-8.1.2-doc"
            },
            {
              "name": "lib",
              "path": "/nix/store/zqcg2g5iwlk9n0z6mpqqvrfj3rqs527p-ffmpeg-8.1.2-lib"
            },
            {
              "name": "out",
              "path": "/nix/store/821x61x4jg4naq0njr8f2m2h9hdwcv05-ffmpeg-8.1.2"
            }
          ],
          "store_path": "/nix/store/mdid5kcing8dwsgwym235xrr9wvm61wa-ffmpeg-8.1.2-bin"
        },
        "aarch64-linux": {
          "outputs": [
            {
              "name": "bin",
              "path": "/nix/store/1vm3hrpa8zd7himhzkzm6p9d4lidv7ab-ffmpeg-8.1.2-bin",
              "default": true
            },
            {
              "name": "man",
              "path": "/nix/store/qw1qvrq820qiwpxgjl5yl5f17y9hf5v7-ffmpeg-8.1.2-man",
              "default": true
            },
            {
              "name": "out",
              "path": "/nix/store/h3dkj1z2vrpss5klv5my4mx6iayaaxjv-ffmpeg-8.1.2"
            },
            {
              "name": "data",
              "path": "/nix/store/g411vp5fysjllxr8i9ab29gfl7l6yiil-ffmpeg-8.1.2-data"
            },
            {
              "name": "dev",
              "path": "/nix/store/b1myljs7ldzqaxifh6wiqrzasax5chy6-ffmpeg-8.1.2-dev"
            },
            {
              "name": "doc",
              "path": "/nix/store/pc8yfj9912mn7fy2ldlp97spfb5dgq67-ffmpeg-8.1.2-doc"
            },
            {
              "name": "lib",
              "path": "/nix/store/da2gglyipqcq226jlng51mff6s94z9bb-ffmpeg-8.1.2-lib"
            }
          ],
          "store_path": "/nix/store/1vm3hrpa8zd7himhzkzm6p9d4lidv7ab-ffmpeg-8.1.2-bin"
        },
        "x86_64-linux": {
          "outputs": [
            {
              "name": "bin",
              "path": "/nix/store/biq1laydwsk5vbc26qblm7n8bwz08hnm-ffmpeg-8.1.2-bin",
              "default": true
            },
            {
              "name": "man",
              "path": "/nix/store/3l520ms6yzr1wzpzkdjjmnqv3zlj400l-ffmpeg-8.1.2-man",
              "default": true
            },
            {
              "name": "out",
              "path": "/nix/store/dqmy01y89jgl1kibs9qzfdhj5kppd32p-ffmpeg-8.1.2"
            },
            {
              "name": "data",
              "path": "/nix/store/w0iii9qik0q9hkyhg48scrky36s5wr10-ffmpeg-8.1.2-data"
            },
            {
              "name": "dev",
              "path": "/nix/store/i670hqnvklnjbjiicnm712nrcf6nnn0h-ffmpeg-8.1.2-dev"
            },
            {
              "name": "doc",
              "path": "/nix/store/2ma5d50rz57drn9rfcpihpqnk40dgsyg-ffmpeg-8.1.2-doc"
            },
            {
              "name": "lib",
              "path": "/nix/store/9zydfg5hfbqg8ixiy6r3q875wjr3szyy-ffmpeg-8.1.2-lib"
            }
          ],
          "store_path": "/nix/store/biq1laydwsk5vbc26qblm7n8bwz08hnm-ffmpeg-8.1.2-bin"
        }
      }
    },
    "github:NixOS/nixpkgs/nixpkgs-unstable": {
      "last_modified": "2026-07-05T19:27:47Z",
      "resolved": "github:NixOS/nixpkgs/f205b5574fd0cb7da5b702a2da51507b7f4fdd1b?lastModified=1783279667&narHash=sha256-%2FNAkDSsve%2BGNM0Bt6tleJdCGfsTlK89nPjkVOzZMo0s%3D"
    }
  }
}
