{
  "lockfile_version": "1",
  "packages": {
    "bun@1.2.5": {
      "last_modified": "2025-03-13T11:38:39Z",
      "resolved": "github:NixOS/nixpkgs/573c650e8a14b2faa0041645ab18aed7e60f0c9a#bun",
      "source": "devbox-search",
      "version": "1.2.5",
      "systems": {
        "aarch64-darwin": {
          "outputs": [
            {
              "name": "out",
              "path": "/nix/store/rzf81xw57rp8vqjwchbcsqb2fy4j51bm-bun-1.2.5",
              "default": true
            }
          ],
          "store_path": "/nix/store/rzf81xw57rp8vqjwchbcsqb2fy4j51bm-bun-1.2.5"
        },
        "aarch64-linux": {
          "outputs": [
            {
              "name": "out",
              "path": "/nix/store/2rqxjvjk0dmr1wjw4sqy3grx3y6brk2c-bun-1.2.5",
              "default": true
            }
          ],
          "store_path": "/nix/store/2rqxjvjk0dmr1wjw4sqy3grx3y6brk2c-bun-1.2.5"
        },
        "x86_64-darwin": {
          "outputs": [
            {
              "name": "out",
              "path": "/nix/store/2i7nh0dm5cp3gwq6f8fpws4m2b3hz8lx-bun-1.2.5",
              "default": true
            }
          ],
          "store_path": "/nix/store/2i7nh0dm5cp3gwq6f8fpws4m2b3hz8lx-bun-1.2.5"
        },
        "x86_64-linux": {
          "outputs": [
            {
              "name": "out",
              "path": "/nix/store/g8k9g77pf9a1pqbjhfnsh6qam4j5a3cg-bun-1.2.5",
              "default": true
            }
          ],
          "store_path": "/nix/store/g8k9g77pf9a1pqbjhfnsh6qam4j5a3cg-bun-1.2.5"
        }
      }
    },
    "ffmpeg@7.1.1": {
      "last_modified": "2025-11-08T12:28:21Z",
      "resolved": "github:NixOS/nixpkgs/f6b44b2401525650256b977063dbcf830f762369#ffmpeg",
      "source": "devbox-search",
      "version": "7.1.1",
      "systems": {
        "aarch64-darwin": {
          "outputs": [
            {
              "name": "bin",
              "path": "/nix/store/rj8rc9xdxjnm1r4v8x8bx836hycnh1ji-ffmpeg-7.1.1-bin",
              "default": true
            },
            {
              "name": "man",
              "path": "/nix/store/6z1yjldf0bqx47w1afa7ybbkbgsiwpzm-ffmpeg-7.1.1-man",
              "default": true
            },
            {
              "name": "dev",
              "path": "/nix/store/c1qi0f6bk3hgb9x4qci0pxyv1frqf2n1-ffmpeg-7.1.1-dev"
            },
            {
              "name": "doc",
              "path": "/nix/store/c3fhrzv7v419x6zlqj62vmnml9wjy45l-ffmpeg-7.1.1-doc"
            },
            {
              "name": "lib",
              "path": "/nix/store/lr52n7klvwgh40w6bl48grdwd8nxdab5-ffmpeg-7.1.1-lib"
            },
            {
              "name": "out",
              "path": "/nix/store/h5i8jksc3zwva0naf1jh6yixqkdvkrx0-ffmpeg-7.1.1"
            },
            {
              "name": "data",
              "path": "/nix/store/ignqq1wxz4syvdf8hgccdm8fz9jvi4dg-ffmpeg-7.1.1-data"
            }
          ],
          "store_path": "/nix/store/rj8rc9xdxjnm1r4v8x8bx836hycnh1ji-ffmpeg-7.1.1-bin"
        },
        "aarch64-linux": {
          "outputs": [
            {
              "name": "bin",
              "path": "/nix/store/722f20yjxl4b1gc4ysinplk7ci9kiycs-ffmpeg-7.1.1-bin",
              "default": true
            },
            {
              "name": "man",
              "path": "/nix/store/bhx6g24ak4n92439w0z5mk7hl1j2v9m6-ffmpeg-7.1.1-man",
              "default": true
            },
            {
              "name": "data",
              "path": "/nix/store/w7j0a22wgf03chakwyh84nyaab5xy6p4-ffmpeg-7.1.1-data"
            },
            {
              "name": "dev",
              "path": "/nix/store/aq6wlwphd8ls717kayq377zzjwi2cgw4-ffmpeg-7.1.1-dev"
            },
            {
              "name": "doc",
              "path": "/nix/store/rwjfxd8yfrfgiw3fch5g83d1470k00wi-ffmpeg-7.1.1-doc"
            },
            {
              "name": "lib",
              "path": "/nix/store/gsf49h4108j94bgmbpma292whcj3p9ab-ffmpeg-7.1.1-lib"
            },
            {
              "name": "out",
              "path": "/nix/store/r23sps56pjmy52zaih7sqj7ng8yc8zil-ffmpeg-7.1.1"
            }
          ],
          "store_path": "/nix/store/722f20yjxl4b1gc4ysinplk7ci9kiycs-ffmpeg-7.1.1-bin"
        },
        "x86_64-darwin": {
          "outputs": [
            {
              "name": "bin",
              "path": "/nix/store/n717n0cni23bkqc38w0vqbdnyy3r9gg8-ffmpeg-7.1.1-bin",
              "default": true
            },
            {
              "name": "man",
              "path": "/nix/store/kd6ia55hp9h71dm56fjgmf8gv81wl8c3-ffmpeg-7.1.1-man",
              "default": true
            },
            {
              "name": "out",
              "path": "/nix/store/d6bwhwq7bi1a1vvq2hv246dfy3wcn1hk-ffmpeg-7.1.1"
            },
            {
              "name": "data",
              "path": "/nix/store/rmr9z6yxqqb03997mmslshn64pjvarb1-ffmpeg-7.1.1-data"
            },
            {
              "name": "dev",
              "path": "/nix/store/vahd3b6703dcl8agsybp6kni07adyml8-ffmpeg-7.1.1-dev"
            },
            {
              "name": "doc",
              "path": "/nix/store/4hfy7jpd14x6wj1kpnpjm6kcdlbkh0gr-ffmpeg-7.1.1-doc"
            },
            {
              "name": "lib",
              "path": "/nix/store/7k5mpw0d7z0jpq4shkvpnn0hpr2dfhj7-ffmpeg-7.1.1-lib"
            }
          ],
          "store_path": "/nix/store/n717n0cni23bkqc38w0vqbdnyy3r9gg8-ffmpeg-7.1.1-bin"
        },
        "x86_64-linux": {
          "outputs": [
            {
              "name": "bin",
              "path": "/nix/store/vrm3jg8hjkkfdsqagk18xbcig0m9saca-ffmpeg-7.1.1-bin",
              "default": true
            },
            {
              "name": "man",
              "path": "/nix/store/iavrhhcp6miidhlijqjbd7pr4wfpdkcv-ffmpeg-7.1.1-man",
              "default": true
            },
            {
              "name": "doc",
              "path": "/nix/store/mxjl8nf4l10zg11kvayjzj6123bx4bxy-ffmpeg-7.1.1-doc"
            },
            {
              "name": "lib",
              "path": "/nix/store/8dp4klblj660a9qv51903zzczv27k4l9-ffmpeg-7.1.1-lib"
            },
            {
              "name": "out",
              "path": "/nix/store/fvisr8lx4ajs8m31zwmv1ab2x9ipx7p1-ffmpeg-7.1.1"
            },
            {
              "name": "data",
              "path": "/nix/store/9711h56a87604k1pq5bfvrvslwqqd1mb-ffmpeg-7.1.1-data"
            },
            {
              "name": "dev",
              "path": "/nix/store/ffd05fd1mkprx1phcw603rvcnk75jb2m-ffmpeg-7.1.1-dev"
            }
          ],
          "store_path": "/nix/store/vrm3jg8hjkkfdsqagk18xbcig0m9saca-ffmpeg-7.1.1-bin"
        }
      }
    },
    "github:NixOS/nixpkgs/nixpkgs-unstable": {
      "last_modified": "2026-07-05T19:27:47Z",
      "resolved": "github:NixOS/nixpkgs/f205b5574fd0cb7da5b702a2da51507b7f4fdd1b?lastModified=1783279667&narHash=sha256-%2FNAkDSsve%2BGNM0Bt6tleJdCGfsTlK89nPjkVOzZMo0s%3D"
    }
  }
}
