{
  "lockfile_version": "1",
  "packages": {
    "bun@1.2.5": {
      "last_modified": "2025-03-13T11:38:39Z",
      "resolved": "github:NixOS/nixpkgs/573c650e8a14b2faa0041645ab18aed7e60f0c9a#bun",
      "source": "devbox-search",
      "version": "1.2.5",
      "systems": {
        "aarch64-darwin": {
          "outputs": [
            {
              "name": "out",
              "path": "/nix/store/rzf81xw57rp8vqjwchbcsqb2fy4j51bm-bun-1.2.5",
              "default": true
            }
          ],
          "store_path": "/nix/store/rzf81xw57rp8vqjwchbcsqb2fy4j51bm-bun-1.2.5"
        },
        "aarch64-linux": {
          "outputs": [
            {
              "name": "out",
              "path": "/nix/store/2rqxjvjk0dmr1wjw4sqy3grx3y6brk2c-bun-1.2.5",
              "default": true
            }
          ],
          "store_path": "/nix/store/2rqxjvjk0dmr1wjw4sqy3grx3y6brk2c-bun-1.2.5"
        },
        "x86_64-darwin": {
          "outputs": [
            {
              "name": "out",
              "path": "/nix/store/2i7nh0dm5cp3gwq6f8fpws4m2b3hz8lx-bun-1.2.5",
              "default": true
            }
          ],
          "store_path": "/nix/store/2i7nh0dm5cp3gwq6f8fpws4m2b3hz8lx-bun-1.2.5"
        },
        "x86_64-linux": {
          "outputs": [
            {
              "name": "out",
              "path": "/nix/store/g8k9g77pf9a1pqbjhfnsh6qam4j5a3cg-bun-1.2.5",
              "default": true
            }
          ],
          "store_path": "/nix/store/g8k9g77pf9a1pqbjhfnsh6qam4j5a3cg-bun-1.2.5"
        }
      }
    },
    "ffmpeg@7.1.1": {
      "last_modified": "2025-04-13T09:22:33Z",
      "resolved": "github:NixOS/nixpkgs/18dd725c29603f582cf1900e0d25f9f1063dbf11#ffmpeg",
      "source": "devbox-search",
      "version": "7.1.1",
      "systems": {
        "aarch64-darwin": {
          "outputs": [
            {
              "name": "bin",
              "path": "/nix/store/pijzl7w8sk2ynkbfjahrn3y18n0fa1a8-ffmpeg-7.1.1-bin",
              "default": true
            },
            {
              "name": "man",
              "path": "/nix/store/fkxf65f4pd87x1nbmjlrqm01i4i6fvn2-ffmpeg-7.1.1-man",
              "default": true
            },
            {
              "name": "data",
              "path": "/nix/store/5ycg65w1cjd769j0k8i3d95jqijn6r9q-ffmpeg-7.1.1-data"
            },
            {
              "name": "dev",
              "path": "/nix/store/shr80pw02b4bl6ivxd2b9594xk00hb6c-ffmpeg-7.1.1-dev"
            },
            {
              "name": "doc",
              "path": "/nix/store/6wlifnki53phlzslpizi7w0gq9cdnd5j-ffmpeg-7.1.1-doc"
            },
            {
              "name": "lib",
              "path": "/nix/store/2q2raxa5l13fia3i9vzja84kpy635cbh-ffmpeg-7.1.1-lib"
            },
            {
              "name": "out",
              "path": "/nix/store/srsk9w1990dpahhamxcvi14bs4v50d1w-ffmpeg-7.1.1"
            }
          ],
          "store_path": "/nix/store/pijzl7w8sk2ynkbfjahrn3y18n0fa1a8-ffmpeg-7.1.1-bin"
        },
        "aarch64-linux": {
          "outputs": [
            {
              "name": "bin",
              "path": "/nix/store/zi3ahf2v7cvpz5c5x7p7yazaa795qca1-ffmpeg-7.1.1-bin",
              "default": true
            },
            {
              "name": "man",
              "path": "/nix/store/3pd0aks6a9ig7jmiclay1rhd4i4f6xv9-ffmpeg-7.1.1-man",
              "default": true
            },
            {
              "name": "dev",
              "path": "/nix/store/mklkaaf314x31g3ynw62xk04lj4y629f-ffmpeg-7.1.1-dev"
            },
            {
              "name": "doc",
              "path": "/nix/store/l2f93x44m3ywkb5zfd354f2di28alykb-ffmpeg-7.1.1-doc"
            },
            {
              "name": "lib",
              "path": "/nix/store/2542lds1lhmx27zg8kyyf8xf7vn6fhm9-ffmpeg-7.1.1-lib"
            },
            {
              "name": "out",
              "path": "/nix/store/9jrmzxf0swsa6pqw9n040xlm1g2bbacn-ffmpeg-7.1.1"
            },
            {
              "name": "data",
              "path": "/nix/store/m773h2mjxcvb8sxsjrd9q6gihnhi997f-ffmpeg-7.1.1-data"
            }
          ],
          "store_path": "/nix/store/zi3ahf2v7cvpz5c5x7p7yazaa795qca1-ffmpeg-7.1.1-bin"
        },
        "x86_64-darwin": {
          "outputs": [
            {
              "name": "bin",
              "path": "/nix/store/3dkll7ypk49z0w58zgb3mhv9z0r2dz24-ffmpeg-7.1.1-bin",
              "default": true
            },
            {
              "name": "man",
              "path": "/nix/store/cwy10kzivcyxdw4jvpqcjim0v45wbafi-ffmpeg-7.1.1-man",
              "default": true
            },
            {
              "name": "data",
              "path": "/nix/store/4dkwapsb2kxz87hxd8wyv7fg4nhv5168-ffmpeg-7.1.1-data"
            },
            {
              "name": "dev",
              "path": "/nix/store/8af5617pc1wxykb016x24fsgar0b2ahw-ffmpeg-7.1.1-dev"
            },
            {
              "name": "doc",
              "path": "/nix/store/j4lmf1qbls05wrnl4v25nb92yrab8a91-ffmpeg-7.1.1-doc"
            },
            {
              "name": "lib",
              "path": "/nix/store/hzw4x9yw9k2y858d420ls3d5rmp69k3j-ffmpeg-7.1.1-lib"
            },
            {
              "name": "out",
              "path": "/nix/store/41z63lia5qmj99iivpv9d99sfi3i5jg6-ffmpeg-7.1.1"
            }
          ],
          "store_path": "/nix/store/3dkll7ypk49z0w58zgb3mhv9z0r2dz24-ffmpeg-7.1.1-bin"
        },
        "x86_64-linux": {
          "outputs": [
            {
              "name": "bin",
              "path": "/nix/store/gjzf3dca4v804mx46z1xnr2vqmi8r90n-ffmpeg-7.1.1-bin",
              "default": true
            },
            {
              "name": "man",
              "path": "/nix/store/6pj3ngc7l3i701bi8ivg69i2456wa0ds-ffmpeg-7.1.1-man",
              "default": true
            },
            {
              "name": "dev",
              "path": "/nix/store/3002w5flrcflzhjy353kjjgmssw7py7x-ffmpeg-7.1.1-dev"
            },
            {
              "name": "doc",
              "path": "/nix/store/ml301rkwb57afnb1bfyilf0hgbjrng3i-ffmpeg-7.1.1-doc"
            },
            {
              "name": "lib",
              "path": "/nix/store/pg0bn822q72sy52ws98ks9c6w1k6s2sp-ffmpeg-7.1.1-lib"
            },
            {
              "name": "out",
              "path": "/nix/store/776zq7f0x4039p76lrcakv33knsymais-ffmpeg-7.1.1"
            },
            {
              "name": "data",
              "path": "/nix/store/fcw9rgcrlx81vv71ygj4gmi0x6fncwpp-ffmpeg-7.1.1-data"
            }
          ],
          "store_path": "/nix/store/gjzf3dca4v804mx46z1xnr2vqmi8r90n-ffmpeg-7.1.1-bin"
        }
      }
    },
    "github:NixOS/nixpkgs/nixpkgs-unstable": {
      "resolved": "github:NixOS/nixpkgs/b5dd9efc912ecabeafa4f082d31e19cb1c74266c?lastModified=1746123514&narHash=sha256-UNO%2BMbVHLl4AkVWYqekk72%2FgqFNSLYNkBgto7h%2B7P3U%3D"
    }
  }
}
